
Microsoft Visual Studio Solution File, Format Version 11.00
# Visual Basic Express 2010
Project("{F184B08F-C81C-45F6-A57F-5ABD9991F28F}") = "DailyCCPET_Reader", "DailyCCPET_Reader\DailyCCPET_Reader.vbproj", "{AF8F5F72-A15C-41B8-9A31-62D9F4BF946F}"
EndProject
Global
	GlobalSection(SolutionConfigurationPlatforms) = preSolution
		Debug|x86 = Debug|x86
		Release|x86 = Release|x86
	EndGlobalSection
	GlobalSection(ProjectConfigurationPlatforms) = postSolution
		{AF8F5F72-A15C-41B8-9A31-62D9F4BF946F}.Debug|x86.ActiveCfg = Debug|x86
		{AF8F5F72-A15C-41B8-9A31-62D9F4BF946F}.Debug|x86.Build.0 = Debug|x86
		{AF8F5F72-A15C-41B8-9A31-62D9F4BF946F}.Release|x86.ActiveCfg = Release|x86
		{AF8F5F72-A15C-41B8-9A31-62D9F4BF946F}.Release|x86.Build.0 = Release|x86
	EndGlobalSection
	GlobalSection(SolutionProperties) = preSolution
		HideSolutionNode = FALSE
	EndGlobalSection
EndGlobal
